// !$*UTF8*$!
{
	archiveVersion = 1;
	classes = {
	};
	objectVersion = 46;
	objects = {

/* Begin PBXBuildFile section */
		337A05BD1F154AE90062C06D /* AppDelegate.swift in Sources */ = {isa = PBXBuildFile; fileRef = 337A05BC1F154AE90062C06D /* AppDelegate.swift */; };
		337A05BF1F154AE90062C06D /* ViewController.swift in Sources */ = {isa = PBXBuildFile; fileRef = 337A05BE1F154AE90062C06D /* ViewController.swift */; };
		337A05C21F154AE90062C06D /* Main.storyboard in Resources */ = {isa = PBXBuildFile; fileRef = 337A05C01F154AE90062C06D /* Main.storyboard */; };
		337A05C41F154AE90062C06D /* Assets.xcassets in Resources */ = {isa = PBXBuildFile; fileRef = 337A05C31F154AE90062C06D /* Assets.xcassets */; };
		337A05C71F154AE90062C06D /* LaunchScreen.storyboard in Resources */ = {isa = PBXBuildFile; fileRef = 337A05C51F154AE90062C06D /* LaunchScreen.storyboard */; };
		337A05D01F154B1A0062C06D /* Lagoon.framework in Frameworks */ = {isa = PBXBuildFile; fileRef = 337A05CF1F154B1A0062C06D /* Lagoon.framework */; };
/* End PBXBuildFile section */

/* Begin PBXFileReference section */
		337A05B91F154AE90062C06D /* LagoonExample-iOS.app */ = {isa = PBXFileReference; explicitFileType = wrapper.application; includeInIndex = 0; path = "LagoonExample-iOS.app"; sourceTree = BUILT_PRODUCTS_DIR; };
		337A05BC1F154AE90062C06D /* AppDelegate.swift */ = {isa = PBXFileReference; lastKnownFileType = sourcecode.swift; path = AppDelegate.swift; sourceTree = "<group>"; };
		337A05BE1F154AE90062C06D /* ViewController.swift */ = {isa = PBXFileReference; lastKnownFileType = sourcecode.swift; path = ViewController.swift; sourceTree = "<group>"; };
		337A05C11F154AE90062C06D /* Base */ = {isa = PBXFileReference; lastKnownFileType = file.storyboard; name = Base; path = Base.lproj/Main.storyboard; sourceTree = "<group>"; };
		337A05C31F154AE90062C06D /* Assets.xcassets */ = {isa = PBXFileReference; lastKnownFileType = folder.assetcatalog; path = Assets.xcassets; sourceTree = "<group>"; };
		337A05C61F154AE90062C06D /* Base */ = {isa = PBXFileReference; lastKnownFileType = file.storyboard; name = Base; path = Base.lproj/LaunchScreen.storyboard; sourceTree = "<group>"; };
		337A05C81F154AE90062C06D /* Info.plist */ = {isa = PBXFileReference; lastKnownFileType = text.plist.xml; path = Info.plist; sourceTree = "<group>"; };
		337A05CF1F154B1A0062C06D /* Lagoon.framework */ = {isa = PBXFileReference; lastKnownFileType = wrapper.framework; name = Lagoon.framework; path = "../../../../Library/Developer/Xcode/DerivedData/Lagoon-fbmgzlbcdmfydjevkjtrguqjqdre/Build/Products/Debug-iphonesimulator/Lagoon.framework"; sourceTree = "<group>"; };
/* End PBXFileReference section */

/* Begin PBXFrameworksBuildPhase section */
		337A05B61F154AE90062C06D /* Frameworks */ = {
			isa = PBXFrameworksBuildPhase;
			buildActionMask = 2147483647;
			files = (
				337A05D01F154B1A0062C06D /* Lagoon.framework in Frameworks */,
			);
			runOnlyForDeploymentPostprocessing = 0;
		};
/* End PBXFrameworksBuildPhase section */

/* Begin PBXGroup section */
		337A05B01F154AE90062C06D = {
			isa = PBXGroup;
			children = (
				337A05BB1F154AE90062C06D /* LagoonExample-iOS */,
				337A05BA1F154AE90062C06D /* Products */,
				337A05CE1F154B1A0062C06D /* Frameworks */,
			);
			sourceTree = "<group>";
		};
		337A05BA1F154AE90062C06D /* Products */ = {
			isa = PBXGroup;
			children = (
				337A05B91F154AE90062C06D /* LagoonExample-iOS.app */,
			);
			name = Products;
			sourceTree = "<group>";
		};
		337A05BB1F154AE90062C06D /* LagoonExample-iOS */ = {
			isa = PBXGroup;
			children = (
				337A05BC1F154AE90062C06D /* AppDelegate.swift */,
				337A05BE1F154AE90062C06D /* ViewController.swift */,
				337A05C01F154AE90062C06D /* Main.storyboard */,
				337A05C31F154AE90062C06D /* Assets.xcassets */,
				337A05C51F154AE90062C06D /* LaunchScreen.storyboard */,
				337A05C81F154AE90062C06D /* Info.plist */,
			);
			path = "LagoonExample-iOS";
			sourceTree = "<group>";
		};
		337A05CE1F154B1A0062C06D /* Frameworks */ = {
			isa = PBXGroup;
			children = (
				337A05CF1F154B1A0062C06D /* Lagoon.framework */,
			);
			name = Frameworks;
			sourceTree = "<group>";
		};
/* End PBXGroup section */

/* Begin PBXNativeTarget section */
		337A05B81F154AE90062C06D /* LagoonExample-iOS */ = {
			isa = PBXNativeTarget;
			buildConfigurationList = 337A05CB1F154AE90062C06D /* Build configuration list for PBXNativeTarget "LagoonExample-iOS" */;
			buildPhases = (
				337A05B51F154AE90062C06D /* Sources */,
				337A05B61F154AE90062C06D /* Frameworks */,
				337A05B71F154AE90062C06D /* Resources */,
				334388491F387E4B00977C5C /* ShellScript */,
			);
			buildRules = (
			);
			dependencies = (
			);
			name = "LagoonExample-iOS";
			productName = "LagoonExample-iOS";
			productReference = 337A05B91F154AE90062C06D /* LagoonExample-iOS.app */;
			productType = "com.apple.product-type.application";
		};
/* End PBXNativeTarget section */

/* Begin PBXProject section */
		337A05B11F154AE90062C06D /* Project object */ = {
			isa = PBXProject;
			attributes = {
				LastSwiftUpdateCheck = 0830;
				LastUpgradeCheck = 0830;
				ORGANIZATIONNAME = Incetro;
				TargetAttributes = {
					337A05B81F154AE90062C06D = {
						CreatedOnToolsVersion = 8.3.3;
						ProvisioningStyle = Automatic;
					};
				};
			};
			buildConfigurationList = 337A05B41F154AE90062C06D /* Build configuration list for PBXProject "LagoonExample-iOS" */;
			compatibilityVersion = "Xcode 3.2";
			developmentRegion = English;
			hasScannedForEncodings = 0;
			knownRegions = (
				en,
				Base,
			);
			mainGroup = 337A05B01F154AE90062C06D;
			productRefGroup = 337A05BA1F154AE90062C06D /* Products */;
			projectDirPath = "";
			projectRoot = "";
			targets = (
				337A05B81F154AE90062C06D /* LagoonExample-iOS */,
			);
		};
/* End PBXProject section */

/* Begin PBXResourcesBuildPhase section */
		337A05B71F154AE90062C06D /* Resources */ = {
			isa = PBXResourcesBuildPhase;
			buildActionMask = 2147483647;
			files = (
				337A05C71F154AE90062C06D /* LaunchScreen.storyboard in Resources */,
				337A05C41F154AE90062C06D /* Assets.xcassets in Resources */,
				337A05C21F154AE90062C06D /* Main.storyboard in Resources */,
			);
			runOnlyForDeploymentPostprocessing = 0;
		};
/* End PBXResourcesBuildPhase section */

/* Begin PBXShellScriptBuildPhase section */
		334388491F387E4B00977C5C /* ShellScript */ = {
			isa = PBXShellScriptBuildPhase;
			buildActionMask = 2147483647;
			files = (
			);
			inputPaths = (
			);
			outputPaths = (
			);
			runOnlyForDeploymentPostprocessing = 0;
			shellPath = /bin/sh;
			shellScript = "if which swiftlint >/dev/null; then\nswiftlint\nelse\necho \"warning: SwiftLint not installed, download from https://github.com/realm/SwiftLint\"\nfi";
		};
/* End PBXShellScriptBuildPhase section */

/* Begin PBXSourcesBuildPhase section */
		337A05B51F154AE90062C06D /* Sources */ = {
			isa = PBXSourcesBuildPhase;
			buildActionMask = 2147483647;
			files = (
				337A05BF1F154AE90062C06D /* ViewController.swift in Sources */,
				337A05BD1F154AE90062C06D /* AppDelegate.swift in Sources */,
			);
			runOnlyForDeploymentPostprocessing = 0;
		};
/* End PBXSourcesBuildPhase section */

/* Begin PBXVariantGroup section */
		337A05C01F154AE90062C06D /* Main.storyboard */ = {
			isa = PBXVariantGroup;
			children = (
				337A05C11F154AE90062C06D /* Base */,
			);
			name = Main.storyboard;
			sourceTree = "<group>";
		};
		337A05C51F154AE90062C06D /* LaunchScreen.storyboard */ = {
			isa = PBXVariantGroup;
			children = (
				337A05C61F154AE90062C06D /* Base */,
			);
			name = LaunchScreen.storyboard;
			sourceTree = "<group>";
		};
/* End PBXVariantGroup section */

/* Begin XCBuildConfiguration section */
		337A05C91F154AE90062C06D /* Debug */ = {
			isa = XCBuildConfiguration;
			buildSettings = {
				ALWAYS_SEARCH_USER_PATHS = NO;
				CLANG_ANALYZER_NONNULL = YES;
				CLANG_ANALYZER_NUMBER_OBJECT_CONVERSION = YES_AGGRESSIVE;
				CLANG_CXX_LANGUAGE_STANDARD = "gnu++0x";
				CLANG_CXX_LIBRARY = "libc++";
				CLANG_ENABLE_MODULES = YES;
				CLANG_ENABLE_OBJC_ARC = YES;
				CLANG_WARN_BOOL_CONVERSION = YES;
				CLANG_WARN_CONSTANT_CONVERSION = YES;
				CLANG_WARN_DIRECT_OBJC_ISA_USAGE = YES_ERROR;
				CLANG_WARN_DOCUMENTATION_COMMENTS = YES;
				CLANG_WARN_EMPTY_BODY = YES;
				CLANG_WARN_ENUM_CONVERSION = YES;
				CLANG_WARN_INFINITE_RECURSION = YES;
				CLANG_WARN_INT_CONVERSION = YES;
				CLANG_WARN_OBJC_ROOT_CLASS = YES_ERROR;
				CLANG_WARN_SUSPICIOUS_MOVE = YES;
				CLANG_WARN_UNREACHABLE_CODE = YES;
				CLANG_WARN__DUPLICATE_METHOD_MATCH = YES;
				"CODE_SIGN_IDENTITY[sdk=iphoneos*]" = "iPhone Developer";
				COPY_PHASE_STRIP = NO;
				DEBUG_INFORMATION_FORMAT = dwarf;
				ENABLE_STRICT_OBJC_MSGSEND = YES;
				ENABLE_TESTABILITY = YES;
				GCC_C_LANGUAGE_STANDARD = gnu99;
				GCC_DYNAMIC_NO_PIC = NO;
				GCC_NO_COMMON_BLOCKS = YES;
				GCC_OPTIMIZATION_LEVEL = 0;
				GCC_PREPROCESSOR_DEFINITIONS = (
					"DEBUG=1",
					"$(inherited)",
				);
				GCC_WARN_64_TO_32_BIT_CONVERSION = YES;
				GCC_WARN_ABOUT_RETURN_TYPE = YES_ERROR;
				GCC_WARN_UNDECLARED_SELECTOR = YES;
				GCC_WARN_UNINITIALIZED_AUTOS = YES_AGGRESSIVE;
				GCC_WARN_UNUSED_FUNCTION = YES;
				GCC_WARN_UNUSED_VARIABLE = YES;
				IPHONEOS_DEPLOYMENT_TARGET = 10.3;
				MTL_ENABLE_DEBUG_INFO = YES;
				ONLY_ACTIVE_ARCH = YES;
				SDKROOT = iphoneos;
				SWIFT_ACTIVE_COMPILATION_CONDITIONS = DEBUG;
				SWIFT_OPTIMIZATION_LEVEL = "-Onone";
			};
			name = Debug;
		};
		337A05CA1F154AE90062C06D /* Release */ = {
			isa = XCBuildConfiguration;
			buildSettings = {
				ALWAYS_SEARCH_USER_PATHS = NO;
				CLANG_ANALYZER_NONNULL = YES;
				CLANG_ANALYZER_NUMBER_OBJECT_CONVERSION = YES_AGGRESSIVE;
				CLANG_CXX_LANGUAGE_STANDARD = "gnu++0x";
				CLANG_CXX_LIBRARY = "libc++";
				CLANG_ENABLE_MODULES = YES;
				CLANG_ENABLE_OBJC_ARC = YES;
				CLANG_WARN_BOOL_CONVERSION = YES;
				CLANG_WARN_CONSTANT_CONVERSION = YES;
				CLANG_WARN_DIRECT_OBJC_ISA_USAGE = YES_ERROR;
				CLANG_WARN_DOCUMENTATION_COMMENTS = YES;
				CLANG_WARN_EMPTY_BODY = YES;
				CLANG_WARN_ENUM_CONVERSION = YES;
				CLANG_WARN_INFINITE_RECURSION = YES;
				CLANG_WARN_INT_CONVERSION = YES;
				CLANG_WARN_OBJC_ROOT_CLASS = YES_ERROR;
				CLANG_WARN_SUSPICIOUS_MOVE = YES;
				CLANG_WARN_UNREACHABLE_CODE = YES;
				CLANG_WARN__DUPLICATE_METHOD_MATCH = YES;
				"CODE_SIGN_IDENTITY[sdk=iphoneos*]" = "iPhone Developer";
				COPY_PHASE_STRIP = NO;
				DEBUG_INFORMATION_FORMAT = "dwarf-with-dsym";
				ENABLE_NS_ASSERTIONS = NO;
				ENABLE_STRICT_OBJC_MSGSEND = YES;
				GCC_C_LANGUAGE_STANDARD = gnu99;
				GCC_NO_COMMON_BLOCKS = YES;
				GCC_WARN_64_TO_32_BIT_CONVERSION = YES;
				GCC_WARN_ABOUT_RETURN_TYPE = YES_ERROR;
				GCC_WARN_UNDECLARED_SELECTOR = YES;
				GCC_WARN_UNINITIALIZED_AUTOS = YES_AGGRESSIVE;
				GCC_WARN_UNUSED_FUNCTION = YES;
				GCC_WARN_UNUSED_VARIABLE = YES;
				IPHONEOS_DEPLOYMENT_TARGET = 10.3;
				MTL_ENABLE_DEBUG_INFO = NO;
				SDKROOT = iphoneos;
				SWIFT_OPTIMIZATION_LEVEL = "-Owholemodule";
				VALIDATE_PRODUCT = YES;
			};
			name = Release;
		};
		337A05CC1F154AE90062C06D /* Debug */ = {
			isa = XCBuildConfiguration;
			buildSettings = {
				ASSETCATALOG_COMPILER_APPICON_NAME = AppIcon;
				INFOPLIST_FILE = "LagoonExample-iOS/Info.plist";
				LD_RUNPATH_SEARCH_PATHS = "$(inherited) @executable_path/Frameworks";
				PRODUCT_BUNDLE_IDENTIFIER = "com.incetro.LagoonExample-iOS";
				PRODUCT_NAME = "$(TARGET_NAME)";
				SWIFT_VERSION = 3.0;
			};
			name = Debug;
		};
		337A05CD1F154AE90062C06D /* Release */ = {
			isa = XCBuildConfiguration;
			buildSettings = {
				ASSETCATALOG_COMPILER_APPICON_NAME = AppIcon;
				INFOPLIST_FILE = "LagoonExample-iOS/Info.plist";
				LD_RUNPATH_SEARCH_PATHS = "$(inherited) @executable_path/Frameworks";
				PRODUCT_BUNDLE_IDENTIFIER = "com.incetro.LagoonExample-iOS";
				PRODUCT_NAME = "$(TARGET_NAME)";
				SWIFT_VERSION = 3.0;
			};
			name = Release;
		};
/* End XCBuildConfiguration section */

/* Begin XCConfigurationList section */
		337A05B41F154AE90062C06D /* Build configuration list for PBXProject "LagoonExample-iOS" */ = {
			isa = XCConfigurationList;
			buildConfigurations = (
				337A05C91F154AE90062C06D /* Debug */,
				337A05CA1F154AE90062C06D /* Release */,
			);
			defaultConfigurationIsVisible = 0;
			defaultConfigurationName = Release;
		};
		337A05CB1F154AE90062C06D /* Build configuration list for PBXNativeTarget "LagoonExample-iOS" */ = {
			isa = XCConfigurationList;
			buildConfigurations = (
				337A05CC1F154AE90062C06D /* Debug */,
				337A05CD1F154AE90062C06D /* Release */,
			);
			defaultConfigurationIsVisible = 0;
			defaultConfigurationName = Release;
		};
/* End XCConfigurationList section */
	};
	rootObject = 337A05B11F154AE90062C06D /* Project object */;
}
